github.com/chronos-tachyon/assert v1.2.0 h1:/otmE4+VRwr1G+vkFMyBOH4JVgkgTAfbOJFa6PXGj8M=
github.com/chronos-tachyon/assert v1.2.0/go.mod h1:dYdZxEBttPxK1l1Ytxnx8tnwfHHflGHqFA12rjOQwdY=
github.com/chronos-tachyon/enumhelper v1.1.0 h1:SWEFBchIqGNDQAz3P7WGhKGmDZkVMRyqIXa1DL8ZdLg=
github.com/chronos-tachyon/enumhelper v1.1.0/go.mod h1:U5+p7ay3zV78J82259lUcR8WBviEaf9400TKhbbpncw=
